
Microsoft Visual Studio Solution File, Format Version 12.00
# Visual Studio Version 16
VisualStudioVersion = 16.0.30413.136
MinimumVisualStudioVersion = 10.0.40219.1
Project("{FAE04EC0-301F-11D3-BF4B-00C04F79EFBC}") = "WebScraping", "WebScraping\WebScraping.csproj", "{FB665FE7-1B45-4E6A-A02A-4C293613A01B}"
EndProject
Global
	GlobalSection(SolutionConfigurationPlatforms) = preSolution
		Debug|Any CPU = Debug|Any CPU
		Release|Any CPU = Release|Any CPU
	EndGlobalSection
	GlobalSection(ProjectConfigurationPlatforms) = postSolution
		{FB665FE7-1B45-4E6A-A02A-4C293613A01B}.Debug|Any CPU.ActiveCfg = Debug|Any CPU
		{FB665FE7-1B45-4E6A-A02A-4C293613A01B}.Debug|Any CPU.Build.0 = Debug|Any CPU
		{FB665FE7-1B45-4E6A-A02A-4C293613A01B}.Release|Any CPU.ActiveCfg = Release|Any CPU
		{FB665FE7-1B45-4E6A-A02A-4C293613A01B}.Release|Any CPU.Build.0 = Release|Any CPU
	EndGlobalSection
	GlobalSection(SolutionProperties) = preSolution
		HideSolutionNode = FALSE
	EndGlobalSection
	GlobalSection(ExtensibilityGlobals) = postSolution
		SolutionGuid = {67CAB0B0-CBBB-4FBE-90A8-92F0F9D7FE30}
	EndGlobalSection
EndGlobal
